// !$*UTF8*$!
{
	archiveVersion = 1;
	classes = {
	};
	objectVersion = 46;
	objects = {

/* Begin PBXBuildFile section */
		473F72591D148CEA00465679 /* AppDelegate.swift in Sources */ = {isa = PBXBuildFile; fileRef = 473F72581D148CEA00465679 /* AppDelegate.swift */; };
		473F725B1D148CEA00465679 /* RecodSoundsViewController.swift in Sources */ = {isa = PBXBuildFile; fileRef = 473F725A1D148CEA00465679 /* RecodSoundsViewController.swift */; };
		473F725E1D148CEA00465679 /* Main.storyboard in Resources */ = {isa = PBXBuildFile; fileRef = 473F725C1D148CEA00465679 /* Main.storyboard */; };
		473F72601D148CEA00465679 /* Assets.xcassets in Resources */ = {isa = PBXBuildFile; fileRef = 473F725F1D148CEA00465679 /* Assets.xcassets */; };
		473F72631D148CEA00465679 /* LaunchScreen.storyboard in Resources */ = {isa = PBXBuildFile; fileRef = 473F72611D148CEA00465679 /* LaunchScreen.storyboard */; };
		473F726E1D148CEA00465679 /* PitchPerfectTests.swift in Sources */ = {isa = PBXBuildFile; fileRef = 473F726D1D148CEA00465679 /* PitchPerfectTests.swift */; };
		473F72791D148CEA00465679 /* PitchPerfectUITests.swift in Sources */ = {isa = PBXBuildFile; fileRef = 473F72781D148CEA00465679 /* PitchPerfectUITests.swift */; };
		47516C541D2B069E00B606FD /* PlaySoundsViewController.swift in Sources */ = {isa = PBXBuildFile; fileRef = 47516C521D2B069E00B606FD /* PlaySoundsViewController.swift */; };
		47516C551D2B069E00B606FD /* PlaySoundsViewController.xib in Resources */ = {isa = PBXBuildFile; fileRef = 47516C531D2B069E00B606FD /* PlaySoundsViewController.xib */; };
		47516C571D2D94DC00B606FD /* PlaySoundsViewController+Audio.swift in Sources */ = {isa = PBXBuildFile; fileRef = 47516C561D2D94DC00B606FD /* PlaySoundsViewController+Audio.swift */; };
/* End PBXBuildFile section */

/* Begin PBXContainerItemProxy section */
		473F726A1D148CEA00465679 /* PBXContainerItemProxy */ = {
			isa = PBXContainerItemProxy;
			containerPortal = 473F724D1D148CEA00465679 /* Project object */;
			proxyType = 1;
			remoteGlobalIDString = 473F72541D148CEA00465679;
			remoteInfo = PitchPerfect;
		};
		473F72751D148CEA00465679 /* PBXContainerItemProxy */ = {
			isa = PBXContainerItemProxy;
			containerPortal = 473F724D1D148CEA00465679 /* Project object */;
			proxyType = 1;
			remoteGlobalIDString = 473F72541D148CEA00465679;
			remoteInfo = PitchPerfect;
		};
/* End PBXContainerItemProxy section */

/* Begin PBXFileReference section */
		473F72551D148CEA00465679 /* PitchPerfect.app */ = {isa = PBXFileReference; explicitFileType = wrapper.application; includeInIndex = 0; path = PitchPerfect.app; sourceTree = BUILT_PRODUCTS_DIR; };
		473F72581D148CEA00465679 /* AppDelegate.swift */ = {isa = PBXFileReference; lastKnownFileType = sourcecode.swift; path = AppDelegate.swift; sourceTree = "<group>"; };
		473F725A1D148CEA00465679 /* RecodSoundsViewController.swift */ = {isa = PBXFileReference; lastKnownFileType = sourcecode.swift; path = RecodSoundsViewController.swift; sourceTree = "<group>"; };
		473F725D1D148CEA00465679 /* Base */ = {isa = PBXFileReference; lastKnownFileType = file.storyboard; name = Base; path = Base.lproj/Main.storyboard; sourceTree = "<group>"; };
		473F725F1D148CEA00465679 /* Assets.xcassets */ = {isa = PBXFileReference; lastKnownFileType = folder.assetcatalog; path = Assets.xcassets; sourceTree = "<group>"; };
		473F72621D148CEA00465679 /* Base */ = {isa = PBXFileReference; lastKnownFileType = file.storyboard; name = Base; path = Base.lproj/LaunchScreen.storyboard; sourceTree = "<group>"; };
		473F72641D148CEA00465679 /* Info.plist */ = {isa = PBXFileReference; lastKnownFileType = text.plist.xml; path = Info.plist; sourceTree = "<group>"; };
		473F72691D148CEA00465679 /* PitchPerfectTests.xctest */ = {isa = PBXFileReference; explicitFileType = wrapper.cfbundle; includeInIndex = 0; path = PitchPerfectTests.xctest; sourceTree = BUILT_PRODUCTS_DIR; };
		473F726D1D148CEA00465679 /* PitchPerfectTests.swift */ = {isa = PBXFileReference; lastKnownFileType = sourcecode.swift; path = PitchPerfectTests.swift; sourceTree = "<group>"; };
		473F726F1D148CEA00465679 /* Info.plist */ = {isa = PBXFileReference; lastKnownFileType = text.plist.xml; path = Info.plist; sourceTree = "<group>"; };
		473F72741D148CEA00465679 /* PitchPerfectUITests.xctest */ = {isa = PBXFileReference; explicitFileType = wrapper.cfbundle; includeInIndex = 0; path = PitchPerfectUITests.xctest; sourceTree = BUILT_PRODUCTS_DIR; };
		473F72781D148CEA00465679 /* PitchPerfectUITests.swift */ = {isa = PBXFileReference; lastKnownFileType = sourcecode.swift; path = PitchPerfectUITests.swift; sourceTree = "<group>"; };
		473F727A1D148CEA00465679 /* Info.plist */ = {isa = PBXFileReference; lastKnownFileType = text.plist.xml; path = Info.plist; sourceTree = "<group>"; };
		47516C521D2B069E00B606FD /* PlaySoundsViewController.swift */ = {isa = PBXFileReference; fileEncoding = 4; lastKnownFileType = sourcecode.swift; path = PlaySoundsViewController.swift; sourceTree = "<group>"; };
		47516C531D2B069E00B606FD /* PlaySoundsViewController.xib */ = {isa = PBXFileReference; fileEncoding = 4; lastKnownFileType = file.xib; path = PlaySoundsViewController.xib; sourceTree = "<group>"; };
		47516C561D2D94DC00B606FD /* PlaySoundsViewController+Audio.swift */ = {isa = PBXFileReference; fileEncoding = 4; lastKnownFileType = sourcecode.swift; path = "PlaySoundsViewController+Audio.swift"; sourceTree = "<group>"; };
/* End PBXFileReference section */

/* Begin PBXFrameworksBuildPhase section */
		473F72521D148CEA00465679 /* Frameworks */ = {
			isa = PBXFrameworksBuildPhase;
			buildActionMask = 2147483647;
			files = (
			);
			runOnlyForDeploymentPostprocessing = 0;
		};
		473F72661D148CEA00465679 /* Frameworks */ = {
			isa = PBXFrameworksBuildPhase;
			buildActionMask = 2147483647;
			files = (
			);
			runOnlyForDeploymentPostprocessing = 0;
		};
		473F72711D148CEA00465679 /* Frameworks */ = {
			isa = PBXFrameworksBuildPhase;
			buildActionMask = 2147483647;
			files = (
			);
			runOnlyForDeploymentPostprocessing = 0;
		};
/* End PBXFrameworksBuildPhase section */

/* Begin PBXGroup section */
		473F724C1D148CEA00465679 = {
			isa = PBXGroup;
			children = (
				473F72571D148CEA00465679 /* PitchPerfect */,
				473F726C1D148CEA00465679 /* PitchPerfectTests */,
				473F72771D148CEA00465679 /* PitchPerfectUITests */,
				473F72561D148CEA00465679 /* Products */,
			);
			sourceTree = "<group>";
		};
		473F72561D148CEA00465679 /* Products */ = {
			isa = PBXGroup;
			children = (
				473F72551D148CEA00465679 /* PitchPerfect.app */,
				473F72691D148CEA00465679 /* PitchPerfectTests.xctest */,
				473F72741D148CEA00465679 /* PitchPerfectUITests.xctest */,
			);
			name = Products;
			sourceTree = "<group>";
		};
		473F72571D148CEA00465679 /* PitchPerfect */ = {
			isa = PBXGroup;
			children = (
				473F72581D148CEA00465679 /* AppDelegate.swift */,
				473F725A1D148CEA00465679 /* RecodSoundsViewController.swift */,
				47516C521D2B069E00B606FD /* PlaySoundsViewController.swift */,
				47516C561D2D94DC00B606FD /* PlaySoundsViewController+Audio.swift */,
				47516C531D2B069E00B606FD /* PlaySoundsViewController.xib */,
				473F725C1D148CEA00465679 /* Main.storyboard */,
				473F725F1D148CEA00465679 /* Assets.xcassets */,
				473F72611D148CEA00465679 /* LaunchScreen.storyboard */,
				473F72641D148CEA00465679 /* Info.plist */,
			);
			path = PitchPerfect;
			sourceTree = "<group>";
		};
		473F726C1D148CEA00465679 /* PitchPerfectTests */ = {
			isa = PBXGroup;
			children = (
				473F726D1D148CEA00465679 /* PitchPerfectTests.swift */,
				473F726F1D148CEA00465679 /* Info.plist */,
			);
			path = PitchPerfectTests;
			sourceTree = "<group>";
		};
		473F72771D148CEA00465679 /* PitchPerfectUITests */ = {
			isa = PBXGroup;
			children = (
				473F72781D148CEA00465679 /* PitchPerfectUITests.swift */,
				473F727A1D148CEA00465679 /* Info.plist */,
			);
			path = PitchPerfectUITests;
			sourceTree = "<group>";
		};
/* End PBXGroup section */

/* Begin PBXNativeTarget section */
		473F72541D148CEA00465679 /* PitchPerfect */ = {
			isa = PBXNativeTarget;
			buildConfigurationList = 473F727D1D148CEA00465679 /* Build configuration list for PBXNativeTarget "PitchPerfect" */;
			buildPhases = (
				473F72511D148CEA00465679 /* Sources */,
				473F72521D148CEA00465679 /* Frameworks */,
				473F72531D148CEA00465679 /* Resources */,
			);
			buildRules = (
			);
			dependencies = (
			);
			name = PitchPerfect;
			productName = PitchPerfect;
			productReference = 473F72551D148CEA00465679 /* PitchPerfect.app */;
			productType = "com.apple.product-type.application";
		};
		473F72681D148CEA00465679 /* PitchPerfectTests */ = {
			isa = PBXNativeTarget;
			buildConfigurationList = 473F72801D148CEA00465679 /* Build configuration list for PBXNativeTarget "PitchPerfectTests" */;
			buildPhases = (
				473F72651D148CEA00465679 /* Sources */,
				473F72661D148CEA00465679 /* Frameworks */,
				473F72671D148CEA00465679 /* Resources */,
			);
			buildRules = (
			);
			dependencies = (
				473F726B1D148CEA00465679 /* PBXTargetDependency */,
			);
			name = PitchPerfectTests;
			productName = PitchPerfectTests;
			productReference = 473F72691D148CEA00465679 /* PitchPerfectTests.xctest */;
			productType = "com.apple.product-type.bundle.unit-test";
		};
		473F72731D148CEA00465679 /* PitchPerfectUITests */ = {
			isa = PBXNativeTarget;
			buildConfigurationList = 473F72831D148CEA00465679 /* Build configuration list for PBXNativeTarget "PitchPerfectUITests" */;
			buildPhases = (
				473F72701D148CEA00465679 /* Sources */,
				473F72711D148CEA00465679 /* Frameworks */,
				473F72721D148CEA00465679 /* Resources */,
			);
			buildRules = (
			);
			dependencies = (
				473F72761D148CEA00465679 /* PBXTargetDependency */,
			);
			name = PitchPerfectUITests;
			productName = PitchPerfectUITests;
			productReference = 473F72741D148CEA00465679 /* PitchPerfectUITests.xctest */;
			productType = "com.apple.product-type.bundle.ui-testing";
		};
/* End PBXNativeTarget section */

/* Begin PBXProject section */
		473F724D1D148CEA00465679 /* Project object */ = {
			isa = PBXProject;
			attributes = {
				LastSwiftUpdateCheck = 0730;
				LastUpgradeCheck = 0730;
				ORGANIZATIONNAME = "Victoria Cizevska";
				TargetAttributes = {
					473F72541D148CEA00465679 = {
						CreatedOnToolsVersion = 7.3.1;
					};
					473F72681D148CEA00465679 = {
						CreatedOnToolsVersion = 7.3.1;
						TestTargetID = 473F72541D148CEA00465679;
					};
					473F72731D148CEA00465679 = {
						CreatedOnToolsVersion = 7.3.1;
						TestTargetID = 473F72541D148CEA00465679;
					};
				};
			};
			buildConfigurationList = 473F72501D148CEA00465679 /* Build configuration list for PBXProject "PitchPerfect" */;
			compatibilityVersion = "Xcode 3.2";
			developmentRegion = English;
			hasScannedForEncodings = 0;
			knownRegions = (
				en,
				Base,
			);
			mainGroup = 473F724C1D148CEA00465679;
			productRefGroup = 473F72561D148CEA00465679 /* Products */;
			projectDirPath = "";
			projectRoot = "";
			targets = (
				473F72541D148CEA00465679 /* PitchPerfect */,
				473F72681D148CEA00465679 /* PitchPerfectTests */,
				473F72731D148CEA00465679 /* PitchPerfectUITests */,
			);
		};
/* End PBXProject section */

/* Begin PBXResourcesBuildPhase section */
		473F72531D148CEA00465679 /* Resources */ = {
			isa = PBXResourcesBuildPhase;
			buildActionMask = 2147483647;
			files = (
				473F72631D148CEA00465679 /* LaunchScreen.storyboard in Resources */,
				473F72601D148CEA00465679 /* Assets.xcassets in Resources */,
				47516C551D2B069E00B606FD /* PlaySoundsViewController.xib in Resources */,
				473F725E1D148CEA00465679 /* Main.storyboard in Resources */,
			);
			runOnlyForDeploymentPostprocessing = 0;
		};
		473F72671D148CEA00465679 /* Resources */ = {
			isa = PBXResourcesBuildPhase;
			buildActionMask = 2147483647;
			files = (
			);
			runOnlyForDeploymentPostprocessing = 0;
		};
		473F72721D148CEA00465679 /* Resources */ = {
			isa = PBXResourcesBuildPhase;
			buildActionMask = 2147483647;
			files = (
			);
			runOnlyForDeploymentPostprocessing = 0;
		};
/* End PBXResourcesBuildPhase section */

/* Begin PBXSourcesBuildPhase section */
		473F72511D148CEA00465679 /* Sources */ = {
			isa = PBXSourcesBuildPhase;
			buildActionMask = 2147483647;
			files = (
				473F725B1D148CEA00465679 /* RecodSoundsViewController.swift in Sources */,
				47516C571D2D94DC00B606FD /* PlaySoundsViewController+Audio.swift in Sources */,
				47516C541D2B069E00B606FD /* PlaySoundsViewController.swift in Sources */,
				473F72591D148CEA00465679 /* AppDelegate.swift in Sources */,
			);
			runOnlyForDeploymentPostprocessing = 0;
		};
		473F72651D148CEA00465679 /* Sources */ = {
			isa = PBXSourcesBuildPhase;
			buildActionMask = 2147483647;
			files = (
				473F726E1D148CEA00465679 /* PitchPerfectTests.swift in Sources */,
			);
			runOnlyForDeploymentPostprocessing = 0;
		};
		473F72701D148CEA00465679 /* Sources */ = {
			isa = PBXSourcesBuildPhase;
			buildActionMask = 2147483647;
			files = (
				473F72791D148CEA00465679 /* PitchPerfectUITests.swift in Sources */,
			);
			runOnlyForDeploymentPostprocessing = 0;
		};
/* End PBXSourcesBuildPhase section */

/* Begin PBXTargetDependency section */
		473F726B1D148CEA00465679 /* PBXTargetDependency */ = {
			isa = PBXTargetDependency;
			target = 473F72541D148CEA00465679 /* PitchPerfect */;
			targetProxy = 473F726A1D148CEA00465679 /* PBXContainerItemProxy */;
		};
		473F72761D148CEA00465679 /* PBXTargetDependency */ = {
			isa = PBXTargetDependency;
			target = 473F72541D148CEA00465679 /* PitchPerfect */;
			targetProxy = 473F72751D148CEA00465679 /* PBXContainerItemProxy */;
		};
/* End PBXTargetDependency section */

/* Begin PBXVariantGroup section */
		473F725C1D148CEA00465679 /* Main.storyboard */ = {
			isa = PBXVariantGroup;
			children = (
				473F725D1D148CEA00465679 /* Base */,
			);
			name = Main.storyboard;
			sourceTree = "<group>";
		};
		473F72611D148CEA00465679 /* LaunchScreen.storyboard */ = {
			isa = PBXVariantGroup;
			children = (
				473F72621D148CEA00465679 /* Base */,
			);
			name = LaunchScreen.storyboard;
			sourceTree = "<group>";
		};
/* End PBXVariantGroup section */

/* Begin XCBuildConfiguration section */
		473F727B1D148CEA00465679 /* Debug */ = {
			isa = XCBuildConfiguration;
			buildSettings = {
				ALWAYS_SEARCH_USER_PATHS = NO;
				CLANG_ANALYZER_NONNULL = YES;
				CLANG_CXX_LANGUAGE_STANDARD = "gnu++0x";
				CLANG_CXX_LIBRARY = "libc++";
				CLANG_ENABLE_MODULES = YES;
				CLANG_ENABLE_OBJC_ARC = YES;
				CLANG_WARN_BOOL_CONVERSION = YES;
				CLANG_WARN_CONSTANT_CONVERSION = YES;
				CLANG_WARN_DIRECT_OBJC_ISA_USAGE = YES_ERROR;
				CLANG_WARN_EMPTY_BODY = YES;
				CLANG_WARN_ENUM_CONVERSION = YES;
				CLANG_WARN_INT_CONVERSION = YES;
				CLANG_WARN_OBJC_ROOT_CLASS = YES_ERROR;
				CLANG_WARN_UNREACHABLE_CODE = YES;
				CLANG_WARN__DUPLICATE_METHOD_MATCH = YES;
				"CODE_SIGN_IDENTITY[sdk=iphoneos*]" = "iPhone Developer";
				COPY_PHASE_STRIP = NO;
				DEBUG_INFORMATION_FORMAT = dwarf;
				ENABLE_STRICT_OBJC_MSGSEND = YES;
				ENABLE_TESTABILITY = YES;
				GCC_C_LANGUAGE_STANDARD = gnu99;
				GCC_DYNAMIC_NO_PIC = NO;
				GCC_NO_COMMON_BLOCKS = YES;
				GCC_OPTIMIZATION_LEVEL = 0;
				GCC_PREPROCESSOR_DEFINITIONS = (
					"DEBUG=1",
					"$(inherited)",
				);
				GCC_WARN_64_TO_32_BIT_CONVERSION = YES;
				GCC_WARN_ABOUT_RETURN_TYPE = YES_ERROR;
				GCC_WARN_UNDECLARED_SELECTOR = YES;
				GCC_WARN_UNINITIALIZED_AUTOS = YES_AGGRESSIVE;
				GCC_WARN_UNUSED_FUNCTION = YES;
				GCC_WARN_UNUSED_VARIABLE = YES;
				IPHONEOS_DEPLOYMENT_TARGET = 9.3;
				MTL_ENABLE_DEBUG_INFO = YES;
				ONLY_ACTIVE_ARCH = YES;
				SDKROOT = iphoneos;
				SWIFT_OPTIMIZATION_LEVEL = "-Onone";
			};
			name = Debug;
		};
		473F727C1D148CEA00465679 /* Release */ = {
			isa = XCBuildConfiguration;
			buildSettings = {
				ALWAYS_SEARCH_USER_PATHS = NO;
				CLANG_ANALYZER_NONNULL = YES;
				CLANG_CXX_LANGUAGE_STANDARD = "gnu++0x";
				CLANG_CXX_LIBRARY = "libc++";
				CLANG_ENABLE_MODULES = YES;
				CLANG_ENABLE_OBJC_ARC = YES;
				CLANG_WARN_BOOL_CONVERSION = YES;
				CLANG_WARN_CONSTANT_CONVERSION = YES;
				CLANG_WARN_DIRECT_OBJC_ISA_USAGE = YES_ERROR;
				CLANG_WARN_EMPTY_BODY = YES;
				CLANG_WARN_ENUM_CONVERSION = YES;
				CLANG_WARN_INT_CONVERSION = YES;
				CLANG_WARN_OBJC_ROOT_CLASS = YES_ERROR;
				CLANG_WARN_UNREACHABLE_CODE = YES;
				CLANG_WARN__DUPLICATE_METHOD_MATCH = YES;
				"CODE_SIGN_IDENTITY[sdk=iphoneos*]" = "iPhone Developer";
				COPY_PHASE_STRIP = NO;
				DEBUG_INFORMATION_FORMAT = "dwarf-with-dsym";
				ENABLE_NS_ASSERTIONS = NO;
				ENABLE_STRICT_OBJC_MSGSEND = YES;
				GCC_C_LANGUAGE_STANDARD = gnu99;
				GCC_NO_COMMON_BLOCKS = YES;
				GCC_WARN_64_TO_32_BIT_CONVERSION = YES;
				GCC_WARN_ABOUT_RETURN_TYPE = YES_ERROR;
				GCC_WARN_UNDECLARED_SELECTOR = YES;
				GCC_WARN_UNINITIALIZED_AUTOS = YES_AGGRESSIVE;
				GCC_WARN_UNUSED_FUNCTION = YES;
				GCC_WARN_UNUSED_VARIABLE = YES;
				IPHONEOS_DEPLOYMENT_TARGET = 9.3;
				MTL_ENABLE_DEBUG_INFO = NO;
				SDKROOT = iphoneos;
				VALIDATE_PRODUCT = YES;
			};
			name = Release;
		};
		473F727E1D148CEA00465679 /* Debug */ = {
			isa = XCBuildConfiguration;
			buildSettings = {
				ASSETCATALOG_COMPILER_APPICON_NAME = AppIcon;
				INFOPLIST_FILE = PitchPerfect/Info.plist;
				LD_RUNPATH_SEARCH_PATHS = "$(inherited) @executable_path/Frameworks";
				PRODUCT_BUNDLE_IDENTIFIER = com.victoriacievska.PitchPerfect;
				PRODUCT_NAME = "$(TARGET_NAME)";
			};
			name = Debug;
		};
		473F727F1D148CEA00465679 /* Release */ = {
			isa = XCBuildConfiguration;
			buildSettings = {
				ASSETCATALOG_COMPILER_APPICON_NAME = AppIcon;
				INFOPLIST_FILE = PitchPerfect/Info.plist;
				LD_RUNPATH_SEARCH_PATHS = "$(inherited) @executable_path/Frameworks";
				PRODUCT_BUNDLE_IDENTIFIER = com.victoriacievska.PitchPerfect;
				PRODUCT_NAME = "$(TARGET_NAME)";
			};
			name = Release;
		};
		473F72811D148CEA00465679 /* Debug */ = {
			isa = XCBuildConfiguration;
			buildSettings = {
				BUNDLE_LOADER = "$(TEST_HOST)";
				INFOPLIST_FILE = PitchPerfectTests/Info.plist;
				LD_RUNPATH_SEARCH_PATHS = "$(inherited) @executable_path/Frameworks @loader_path/Frameworks";
				PRODUCT_BUNDLE_IDENTIFIER = com.victoriacievska.PitchPerfectTests;
				PRODUCT_NAME = "$(TARGET_NAME)";
				TEST_HOST = "$(BUILT_PRODUCTS_DIR)/PitchPerfect.app/PitchPerfect";
			};
			name = Debug;
		};
		473F72821D148CEA00465679 /* Release */ = {
			isa = XCBuildConfiguration;
			buildSettings = {
				BUNDLE_LOADER = "$(TEST_HOST)";
				INFOPLIST_FILE = PitchPerfectTests/Info.plist;
				LD_RUNPATH_SEARCH_PATHS = "$(inherited) @executable_path/Frameworks @loader_path/Frameworks";
				PRODUCT_BUNDLE_IDENTIFIER = com.victoriacievska.PitchPerfectTests;
				PRODUCT_NAME = "$(TARGET_NAME)";
				TEST_HOST = "$(BUILT_PRODUCTS_DIR)/PitchPerfect.app/PitchPerfect";
			};
			name = Release;
		};
		473F72841D148CEA00465679 /* Debug */ = {
			isa = XCBuildConfiguration;
			buildSettings = {
				INFOPLIST_FILE = PitchPerfectUITests/Info.plist;
				LD_RUNPATH_SEARCH_PATHS = "$(inherited) @executable_path/Frameworks @loader_path/Frameworks";
				PRODUCT_BUNDLE_IDENTIFIER = com.victoriacievska.PitchPerfectUITests;
				PRODUCT_NAME = "$(TARGET_NAME)";
				TEST_TARGET_NAME = PitchPerfect;
			};
			name = Debug;
		};
		473F72851D148CEA00465679 /* Release */ = {
			isa = XCBuildConfiguration;
			buildSettings = {
				INFOPLIST_FILE = PitchPerfectUITests/Info.plist;
				LD_RUNPATH_SEARCH_PATHS = "$(inherited) @executable_path/Frameworks @loader_path/Frameworks";
				PRODUCT_BUNDLE_IDENTIFIER = com.victoriacievska.PitchPerfectUITests;
				PRODUCT_NAME = "$(TARGET_NAME)";
				TEST_TARGET_NAME = PitchPerfect;
			};
			name = Release;
		};
/* End XCBuildConfiguration section */

/* Begin XCConfigurationList section */
		473F72501D148CEA00465679 /* Build configuration list for PBXProject "PitchPerfect" */ = {
			isa = XCConfigurationList;
			buildConfigurations = (
				473F727B1D148CEA00465679 /* Debug */,
				473F727C1D148CEA00465679 /* Release */,
			);
			defaultConfigurationIsVisible = 0;
			defaultConfigurationName = Release;
		};
		473F727D1D148CEA00465679 /* Build configuration list for PBXNativeTarget "PitchPerfect" */ = {
			isa = XCConfigurationList;
			buildConfigurations = (
				473F727E1D148CEA00465679 /* Debug */,
				473F727F1D148CEA00465679 /* Release */,
			);
			defaultConfigurationIsVisible = 0;
			defaultConfigurationName = Release;
		};
		473F72801D148CEA00465679 /* Build configuration list for PBXNativeTarget "PitchPerfectTests" */ = {
			isa = XCConfigurationList;
			buildConfigurations = (
				473F72811D148CEA00465679 /* Debug */,
				473F72821D148CEA00465679 /* Release */,
			);
			defaultConfigurationIsVisible = 0;
			defaultConfigurationName = Release;
		};
		473F72831D148CEA00465679 /* Build configuration list for PBXNativeTarget "PitchPerfectUITests" */ = {
			isa = XCConfigurationList;
			buildConfigurations = (
				473F72841D148CEA00465679 /* Debug */,
				473F72851D148CEA00465679 /* Release */,
			);
			defaultConfigurationIsVisible = 0;
			defaultConfigurationName = Release;
		};
/* End XCConfigurationList section */
	};
	rootObject = 473F724D1D148CEA00465679 /* Project object */;
}
